
Microsoft Visual Studio Solution File, Format Version 12.00
# Visual Studio Version 17
VisualStudioVersion = 17.2.32630.192
MinimumVisualStudioVersion = 10.0.40219.1
Project("{FAE04EC0-301F-11D3-BF4B-00C04F79EFBC}") = "Background", "Background\Background.csproj", "{5265B182-BC52-4D42-BB99-8838A576B0F6}"
EndProject
Global
	GlobalSection(SolutionConfigurationPlatforms) = preSolution
		Debug|Any CPU = Debug|Any CPU
		Release|Any CPU = Release|Any CPU
	EndGlobalSection
	GlobalSection(ProjectConfigurationPlatforms) = postSolution
		{5265B182-BC52-4D42-BB99-8838A576B0F6}.Debug|Any CPU.ActiveCfg = Debug|Any CPU
		{5265B182-BC52-4D42-BB99-8838A576B0F6}.Debug|Any CPU.Build.0 = Debug|Any CPU
		{5265B182-BC52-4D42-BB99-8838A576B0F6}.Release|Any CPU.ActiveCfg = Release|Any CPU
		{5265B182-BC52-4D42-BB99-8838A576B0F6}.Release|Any CPU.Build.0 = Release|Any CPU
	EndGlobalSection
	GlobalSection(SolutionProperties) = preSolution
		HideSolutionNode = FALSE
	EndGlobalSection
	GlobalSection(ExtensibilityGlobals) = postSolution
		SolutionGuid = {B94C2E2B-90F1-4335-A7D5-0B084DA5330D}
	EndGlobalSection
EndGlobal
